
Microsoft Visual Studio Solution File, Format Version 12.00
# Visual Studio Version 17
VisualStudioVersion = 17.7.34003.232
MinimumVisualStudioVersion = 10.0.40219.1
Project("{FAE04EC0-301F-11D3-BF4B-00C04F79EFBC}") = "Tumakov_4", "Tumakov_4\Tumakov_4.csproj", "{9303EA5E-0938-4F69-8B50-92541AA40A19}"
EndProject
Global
	GlobalSection(SolutionConfigurationPlatforms) = preSolution
		Debug|Any CPU = Debug|Any CPU
		Release|Any CPU = Release|Any CPU
	EndGlobalSection
	GlobalSection(ProjectConfigurationPlatforms) = postSolution
		{9303EA5E-0938-4F69-8B50-92541AA40A19}.Debug|Any CPU.ActiveCfg = Debug|Any CPU
		{9303EA5E-0938-4F69-8B50-92541AA40A19}.Debug|Any CPU.Build.0 = Debug|Any CPU
		{9303EA5E-0938-4F69-8B50-92541AA40A19}.Release|Any CPU.ActiveCfg = Release|Any CPU
		{9303EA5E-0938-4F69-8B50-92541AA40A19}.Release|Any CPU.Build.0 = Release|Any CPU
	EndGlobalSection
	GlobalSection(SolutionProperties) = preSolution
		HideSolutionNode = FALSE
	EndGlobalSection
	GlobalSection(ExtensibilityGlobals) = postSolution
		SolutionGuid = {739069C1-5D97-40EB-B033-F31EAAAF83A9}
	EndGlobalSection
EndGlobal
